{
  "name": "magic-uni",
  "version": "1.0.0",
  "lockfileVersion": 1,
  "requires": true,
  "dependencies": {
    "@dcloudio/types": {
      "version": "2.6.11",
      "resolved": "https://registry.npmjs.org/@dcloudio/types/-/types-2.6.11.tgz",
      "integrity": "sha512-nTlGWxGAI0Xq7twTThdRJTJa0kBtNDyWACO2xYJyhVQXNKKIci1PwDuQmpvZCD1apbwWWVi+jm9RBMNsjAtxZw=="
    },
    "luch-request": {
      "version": "3.0.7",
      "resolved": "https://registry.npmjs.org/luch-request/-/luch-request-3.0.7.tgz",
      "integrity": "sha512-rYTgAO0CiAMjuotvwhtEREQ6mh/qdgYO2a+cKDv2VPnww/MdNaHMGMpsPY6VvJCOtfH7kV9lDujjuihhlu1xmg==",
      "requires": {
        "@dcloudio/types": "^2.0.16"
      }
    },
    "uview-ui": {
      "version": "2.0.31",
      "resolved": "https://registry.npmjs.org/uview-ui/-/uview-ui-2.0.31.tgz",
      "integrity": "sha512-I/0fGuvtiKHH/mBb864SGYk+SJ7WaF32tsBgYgeBOsxlUp+Th+Ac2tgz2cTvsQJl6eZYWsKZ3ixiSXCAcxZ8Sw=="
    }
  }
}
